// !$*UTF8*$!
{
	archiveVersion = 1;
	classes = {
	};
	objectVersion = 46;
	objects = {

/* Begin PBXBuildFile section */
		02691BF71A0E764600DCB5EE /* AppDelegate.swift in Sources */ = {isa = PBXBuildFile; fileRef = 02691BF61A0E764600DCB5EE /* AppDelegate.swift */; };
		02691BFA1A0E764600DCB5EE /* ExchangeAGram.xcdatamodeld in Sources */ = {isa = PBXBuildFile; fileRef = 02691BF81A0E764600DCB5EE /* ExchangeAGram.xcdatamodeld */; };
		02691BFF1A0E764600DCB5EE /* Main.storyboard in Resources */ = {isa = PBXBuildFile; fileRef = 02691BFD1A0E764600DCB5EE /* Main.storyboard */; };
		02691C011A0E764600DCB5EE /* Images.xcassets in Resources */ = {isa = PBXBuildFile; fileRef = 02691C001A0E764600DCB5EE /* Images.xcassets */; };
		02691C041A0E764600DCB5EE /* LaunchScreen.xib in Resources */ = {isa = PBXBuildFile; fileRef = 02691C021A0E764600DCB5EE /* LaunchScreen.xib */; };
		02691C101A0E764600DCB5EE /* ExchangeAGramTests.swift in Sources */ = {isa = PBXBuildFile; fileRef = 02691C0F1A0E764600DCB5EE /* ExchangeAGramTests.swift */; };
		02691C1A1A0E782200DCB5EE /* FeedViewController.swift in Sources */ = {isa = PBXBuildFile; fileRef = 02691C191A0E782200DCB5EE /* FeedViewController.swift */; };
		02691C1C1A0E7B4B00DCB5EE /* FeedCell.swift in Sources */ = {isa = PBXBuildFile; fileRef = 02691C1B1A0E7B4B00DCB5EE /* FeedCell.swift */; };
		02691C1E1A0E7E1A00DCB5EE /* MobileCoreServices.framework in Frameworks */ = {isa = PBXBuildFile; fileRef = 02691C1D1A0E7E1A00DCB5EE /* MobileCoreServices.framework */; };
		0279A7AF1A1266920066B921 /* FilterViewController.swift in Sources */ = {isa = PBXBuildFile; fileRef = 0279A7AE1A1266920066B921 /* FilterViewController.swift */; };
		0279A7B11A126DCF0066B921 /* FilterCell.swift in Sources */ = {isa = PBXBuildFile; fileRef = 0279A7B01A126DCF0066B921 /* FilterCell.swift */; };
		0279A7B61A1ADB9D0066B921 /* ProfileViewController.swift in Sources */ = {isa = PBXBuildFile; fileRef = 0279A7B51A1ADB9D0066B921 /* ProfileViewController.swift */; };
		0279A7B81A1ADF530066B921 /* FacebookSDK.framework in Frameworks */ = {isa = PBXBuildFile; fileRef = 0279A7B71A1ADF530066B921 /* FacebookSDK.framework */; };
		0279A7BD1A1ECF190066B921 /* MapViewController.swift in Sources */ = {isa = PBXBuildFile; fileRef = 0279A7BC1A1ECF190066B921 /* MapViewController.swift */; };
		0279A7BF1A2128DC0066B921 /* MapKit.framework in Frameworks */ = {isa = PBXBuildFile; fileRef = 0279A7BE1A2128DC0066B921 /* MapKit.framework */; };
		0279A7C31A2150850066B921 /* FeedItem.swift in Sources */ = {isa = PBXBuildFile; fileRef = 0279A7C21A2150850066B921 /* FeedItem.swift */; };
/* End PBXBuildFile section */

/* Begin PBXContainerItemProxy section */
		02691C0A1A0E764600DCB5EE /* PBXContainerItemProxy */ = {
			isa = PBXContainerItemProxy;
			containerPortal = 02691BE91A0E764600DCB5EE /* Project object */;
			proxyType = 1;
			remoteGlobalIDString = 02691BF01A0E764600DCB5EE;
			remoteInfo = ExchangeAGram;
		};
/* End PBXContainerItemProxy section */

/* Begin PBXFileReference section */
		02691BF11A0E764600DCB5EE /* ExchangeAGram.app */ = {isa = PBXFileReference; explicitFileType = wrapper.application; includeInIndex = 0; path = ExchangeAGram.app; sourceTree = BUILT_PRODUCTS_DIR; };
		02691BF51A0E764600DCB5EE /* Info.plist */ = {isa = PBXFileReference; lastKnownFileType = text.plist.xml; path = Info.plist; sourceTree = "<group>"; };
		02691BF61A0E764600DCB5EE /* AppDelegate.swift */ = {isa = PBXFileReference; lastKnownFileType = sourcecode.swift; path = AppDelegate.swift; sourceTree = "<group>"; };
		02691BF91A0E764600DCB5EE /* ExchangeAGram.xcdatamodel */ = {isa = PBXFileReference; lastKnownFileType = wrapper.xcdatamodel; path = ExchangeAGram.xcdatamodel; sourceTree = "<group>"; };
		02691BFE1A0E764600DCB5EE /* Base */ = {isa = PBXFileReference; lastKnownFileType = file.storyboard; name = Base; path = Base.lproj/Main.storyboard; sourceTree = "<group>"; };
		02691C001A0E764600DCB5EE /* Images.xcassets */ = {isa = PBXFileReference; lastKnownFileType = folder.assetcatalog; path = Images.xcassets; sourceTree = "<group>"; };
		02691C031A0E764600DCB5EE /* Base */ = {isa = PBXFileReference; lastKnownFileType = file.xib; name = Base; path = Base.lproj/LaunchScreen.xib; sourceTree = "<group>"; };
		02691C091A0E764600DCB5EE /* ExchangeAGramTests.xctest */ = {isa = PBXFileReference; explicitFileType = wrapper.cfbundle; includeInIndex = 0; path = ExchangeAGramTests.xctest; sourceTree = BUILT_PRODUCTS_DIR; };
		02691C0E1A0E764600DCB5EE /* Info.plist */ = {isa = PBXFileReference; lastKnownFileType = text.plist.xml; path = Info.plist; sourceTree = "<group>"; };
		02691C0F1A0E764600DCB5EE /* ExchangeAGramTests.swift */ = {isa = PBXFileReference; lastKnownFileType = sourcecode.swift; path = ExchangeAGramTests.swift; sourceTree = "<group>"; };
		02691C191A0E782200DCB5EE /* FeedViewController.swift */ = {isa = PBXFileReference; fileEncoding = 4; lastKnownFileType = sourcecode.swift; path = FeedViewController.swift; sourceTree = "<group>"; };
		02691C1B1A0E7B4B00DCB5EE /* FeedCell.swift */ = {isa = PBXFileReference; fileEncoding = 4; lastKnownFileType = sourcecode.swift; path = FeedCell.swift; sourceTree = "<group>"; };
		02691C1D1A0E7E1A00DCB5EE /* MobileCoreServices.framework */ = {isa = PBXFileReference; lastKnownFileType = wrapper.framework; name = MobileCoreServices.framework; path = System/Library/Frameworks/MobileCoreServices.framework; sourceTree = SDKROOT; };
		0279A7AE1A1266920066B921 /* FilterViewController.swift */ = {isa = PBXFileReference; fileEncoding = 4; lastKnownFileType = sourcecode.swift; path = FilterViewController.swift; sourceTree = "<group>"; };
		0279A7B01A126DCF0066B921 /* FilterCell.swift */ = {isa = PBXFileReference; fileEncoding = 4; lastKnownFileType = sourcecode.swift; path = FilterCell.swift; sourceTree = "<group>"; };
		0279A7B51A1ADB9D0066B921 /* ProfileViewController.swift */ = {isa = PBXFileReference; fileEncoding = 4; lastKnownFileType = sourcecode.swift; path = ProfileViewController.swift; sourceTree = "<group>"; };
		0279A7B71A1ADF530066B921 /* FacebookSDK.framework */ = {isa = PBXFileReference; lastKnownFileType = wrapper.framework; name = FacebookSDK.framework; path = ../../../../../FacebookSDK/FacebookSDK.framework; sourceTree = "<group>"; };
		0279A7B91A1AE08D0066B921 /* Bridging-Header.h */ = {isa = PBXFileReference; lastKnownFileType = sourcecode.c.h; path = "Bridging-Header.h"; sourceTree = "<group>"; };
		0279A7BC1A1ECF190066B921 /* MapViewController.swift */ = {isa = PBXFileReference; fileEncoding = 4; lastKnownFileType = sourcecode.swift; name = MapViewController.swift; path = ../MapViewController.swift; sourceTree = "<group>"; };
		0279A7BE1A2128DC0066B921 /* MapKit.framework */ = {isa = PBXFileReference; lastKnownFileType = wrapper.framework; name = MapKit.framework; path = System/Library/Frameworks/MapKit.framework; sourceTree = SDKROOT; };
		0279A7C21A2150850066B921 /* FeedItem.swift */ = {isa = PBXFileReference; fileEncoding = 4; lastKnownFileType = sourcecode.swift; name = FeedItem.swift; path = ../FeedItem.swift; sourceTree = "<group>"; };
/* End PBXFileReference section */

/* Begin PBXFrameworksBuildPhase section */
		02691BEE1A0E764600DCB5EE /* Frameworks */ = {
			isa = PBXFrameworksBuildPhase;
			buildActionMask = 2147483647;
			files = (
				0279A7BF1A2128DC0066B921 /* MapKit.framework in Frameworks */,
				02691C1E1A0E7E1A00DCB5EE /* MobileCoreServices.framework in Frameworks */,
				0279A7B81A1ADF530066B921 /* FacebookSDK.framework in Frameworks */,
			);
			runOnlyForDeploymentPostprocessing = 0;
		};
		02691C061A0E764600DCB5EE /* Frameworks */ = {
			isa = PBXFrameworksBuildPhase;
			buildActionMask = 2147483647;
			files = (
			);
			runOnlyForDeploymentPostprocessing = 0;
		};
/* End PBXFrameworksBuildPhase section */

/* Begin PBXGroup section */
		02691BE81A0E764600DCB5EE = {
			isa = PBXGroup;
			children = (
				02691BF31A0E764600DCB5EE /* ExchangeAGram */,
				02691C0C1A0E764600DCB5EE /* ExchangeAGramTests */,
				02691BF21A0E764600DCB5EE /* Products */,
			);
			sourceTree = "<group>";
		};
		02691BF21A0E764600DCB5EE /* Products */ = {
			isa = PBXGroup;
			children = (
				02691BF11A0E764600DCB5EE /* ExchangeAGram.app */,
				02691C091A0E764600DCB5EE /* ExchangeAGramTests.xctest */,
			);
			name = Products;
			sourceTree = "<group>";
		};
		02691BF31A0E764600DCB5EE /* ExchangeAGram */ = {
			isa = PBXGroup;
			children = (
				02691BF61A0E764600DCB5EE /* AppDelegate.swift */,
				02691C191A0E782200DCB5EE /* FeedViewController.swift */,
				0279A7AE1A1266920066B921 /* FilterViewController.swift */,
				02691C1B1A0E7B4B00DCB5EE /* FeedCell.swift */,
				0279A7B01A126DCF0066B921 /* FilterCell.swift */,
				0279A7B51A1ADB9D0066B921 /* ProfileViewController.swift */,
				0279A7BC1A1ECF190066B921 /* MapViewController.swift */,
				0279A7B91A1AE08D0066B921 /* Bridging-Header.h */,
				02691BFD1A0E764600DCB5EE /* Main.storyboard */,
				0279A7B41A143F630066B921 /* Model */,
				02691C001A0E764600DCB5EE /* Images.xcassets */,
				02691C021A0E764600DCB5EE /* LaunchScreen.xib */,
				02691BF41A0E764600DCB5EE /* Supporting Files */,
			);
			path = ExchangeAGram;
			sourceTree = "<group>";
		};
		02691BF41A0E764600DCB5EE /* Supporting Files */ = {
			isa = PBXGroup;
			children = (
				0279A7BE1A2128DC0066B921 /* MapKit.framework */,
				0279A7B71A1ADF530066B921 /* FacebookSDK.framework */,
				02691C1D1A0E7E1A00DCB5EE /* MobileCoreServices.framework */,
				02691BF51A0E764600DCB5EE /* Info.plist */,
			);
			name = "Supporting Files";
			sourceTree = "<group>";
		};
		02691C0C1A0E764600DCB5EE /* ExchangeAGramTests */ = {
			isa = PBXGroup;
			children = (
				02691C0F1A0E764600DCB5EE /* ExchangeAGramTests.swift */,
				02691C0D1A0E764600DCB5EE /* Supporting Files */,
			);
			path = ExchangeAGramTests;
			sourceTree = "<group>";
		};
		02691C0D1A0E764600DCB5EE /* Supporting Files */ = {
			isa = PBXGroup;
			children = (
				02691C0E1A0E764600DCB5EE /* Info.plist */,
			);
			name = "Supporting Files";
			sourceTree = "<group>";
		};
		0279A7B41A143F630066B921 /* Model */ = {
			isa = PBXGroup;
			children = (
				0279A7C21A2150850066B921 /* FeedItem.swift */,
				02691BF81A0E764600DCB5EE /* ExchangeAGram.xcdatamodeld */,
			);
			name = Model;
			sourceTree = "<group>";
		};
/* End PBXGroup section */

/* Begin PBXNativeTarget section */
		02691BF01A0E764600DCB5EE /* ExchangeAGram */ = {
			isa = PBXNativeTarget;
			buildConfigurationList = 02691C131A0E764600DCB5EE /* Build configuration list for PBXNativeTarget "ExchangeAGram" */;
			buildPhases = (
				02691BED1A0E764600DCB5EE /* Sources */,
				02691BEE1A0E764600DCB5EE /* Frameworks */,
				02691BEF1A0E764600DCB5EE /* Resources */,
			);
			buildRules = (
			);
			dependencies = (
			);
			name = ExchangeAGram;
			productName = ExchangeAGram;
			productReference = 02691BF11A0E764600DCB5EE /* ExchangeAGram.app */;
			productType = "com.apple.product-type.application";
		};
		02691C081A0E764600DCB5EE /* ExchangeAGramTests */ = {
			isa = PBXNativeTarget;
			buildConfigurationList = 02691C161A0E764600DCB5EE /* Build configuration list for PBXNativeTarget "ExchangeAGramTests" */;
			buildPhases = (
				02691C051A0E764600DCB5EE /* Sources */,
				02691C061A0E764600DCB5EE /* Frameworks */,
				02691C071A0E764600DCB5EE /* Resources */,
			);
			buildRules = (
			);
			dependencies = (
				02691C0B1A0E764600DCB5EE /* PBXTargetDependency */,
			);
			name = ExchangeAGramTests;
			productName = ExchangeAGramTests;
			productReference = 02691C091A0E764600DCB5EE /* ExchangeAGramTests.xctest */;
			productType = "com.apple.product-type.bundle.unit-test";
		};
/* End PBXNativeTarget section */

/* Begin PBXProject section */
		02691BE91A0E764600DCB5EE /* Project object */ = {
			isa = PBXProject;
			attributes = {
				LastUpgradeCheck = 0600;
				ORGANIZATIONNAME = "Jared Mermey";
				TargetAttributes = {
					02691BF01A0E764600DCB5EE = {
						CreatedOnToolsVersion = 6.0.1;
					};
					02691C081A0E764600DCB5EE = {
						CreatedOnToolsVersion = 6.0.1;
						TestTargetID = 02691BF01A0E764600DCB5EE;
					};
				};
			};
			buildConfigurationList = 02691BEC1A0E764600DCB5EE /* Build configuration list for PBXProject "ExchangeAGram" */;
			compatibilityVersion = "Xcode 3.2";
			developmentRegion = English;
			hasScannedForEncodings = 0;
			knownRegions = (
				en,
				Base,
			);
			mainGroup = 02691BE81A0E764600DCB5EE;
			productRefGroup = 02691BF21A0E764600DCB5EE /* Products */;
			projectDirPath = "";
			projectRoot = "";
			targets = (
				02691BF01A0E764600DCB5EE /* ExchangeAGram */,
				02691C081A0E764600DCB5EE /* ExchangeAGramTests */,
			);
		};
/* End PBXProject section */

/* Begin PBXResourcesBuildPhase section */
		02691BEF1A0E764600DCB5EE /* Resources */ = {
			isa = PBXResourcesBuildPhase;
			buildActionMask = 2147483647;
			files = (
				02691BFF1A0E764600DCB5EE /* Main.storyboard in Resources */,
				02691C041A0E764600DCB5EE /* LaunchScreen.xib in Resources */,
				02691C011A0E764600DCB5EE /* Images.xcassets in Resources */,
			);
			runOnlyForDeploymentPostprocessing = 0;
		};
		02691C071A0E764600DCB5EE /* Resources */ = {
			isa = PBXResourcesBuildPhase;
			buildActionMask = 2147483647;
			files = (
			);
			runOnlyForDeploymentPostprocessing = 0;
		};
/* End PBXResourcesBuildPhase section */

/* Begin PBXSourcesBuildPhase section */
		02691BED1A0E764600DCB5EE /* Sources */ = {
			isa = PBXSourcesBuildPhase;
			buildActionMask = 2147483647;
			files = (
				0279A7B11A126DCF0066B921 /* FilterCell.swift in Sources */,
				0279A7AF1A1266920066B921 /* FilterViewController.swift in Sources */,
				02691BF71A0E764600DCB5EE /* AppDelegate.swift in Sources */,
				02691C1C1A0E7B4B00DCB5EE /* FeedCell.swift in Sources */,
				0279A7BD1A1ECF190066B921 /* MapViewController.swift in Sources */,
				0279A7C31A2150850066B921 /* FeedItem.swift in Sources */,
				02691C1A1A0E782200DCB5EE /* FeedViewController.swift in Sources */,
				0279A7B61A1ADB9D0066B921 /* ProfileViewController.swift in Sources */,
				02691BFA1A0E764600DCB5EE /* ExchangeAGram.xcdatamodeld in Sources */,
			);
			runOnlyForDeploymentPostprocessing = 0;
		};
		02691C051A0E764600DCB5EE /* Sources */ = {
			isa = PBXSourcesBuildPhase;
			buildActionMask = 2147483647;
			files = (
				02691C101A0E764600DCB5EE /* ExchangeAGramTests.swift in Sources */,
			);
			runOnlyForDeploymentPostprocessing = 0;
		};
/* End PBXSourcesBuildPhase section */

/* Begin PBXTargetDependency section */
		02691C0B1A0E764600DCB5EE /* PBXTargetDependency */ = {
			isa = PBXTargetDependency;
			target = 02691BF01A0E764600DCB5EE /* ExchangeAGram */;
			targetProxy = 02691C0A1A0E764600DCB5EE /* PBXContainerItemProxy */;
		};
/* End PBXTargetDependency section */

/* Begin PBXVariantGroup section */
		02691BFD1A0E764600DCB5EE /* Main.storyboard */ = {
			isa = PBXVariantGroup;
			children = (
				02691BFE1A0E764600DCB5EE /* Base */,
			);
			name = Main.storyboard;
			sourceTree = "<group>";
		};
		02691C021A0E764600DCB5EE /* LaunchScreen.xib */ = {
			isa = PBXVariantGroup;
			children = (
				02691C031A0E764600DCB5EE /* Base */,
			);
			name = LaunchScreen.xib;
			sourceTree = "<group>";
		};
/* End PBXVariantGroup section */

/* Begin XCBuildConfiguration section */
		02691C111A0E764600DCB5EE /* Debug */ = {
			isa = XCBuildConfiguration;
			buildSettings = {
				ALWAYS_SEARCH_USER_PATHS = NO;
				CLANG_CXX_LANGUAGE_STANDARD = "gnu++0x";
				CLANG_CXX_LIBRARY = "libc++";
				CLANG_ENABLE_MODULES = YES;
				CLANG_ENABLE_OBJC_ARC = YES;
				CLANG_WARN_BOOL_CONVERSION = YES;
				CLANG_WARN_CONSTANT_CONVERSION = YES;
				CLANG_WARN_DIRECT_OBJC_ISA_USAGE = YES_ERROR;
				CLANG_WARN_EMPTY_BODY = YES;
				CLANG_WARN_ENUM_CONVERSION = YES;
				CLANG_WARN_INT_CONVERSION = YES;
				CLANG_WARN_OBJC_ROOT_CLASS = YES_ERROR;
				CLANG_WARN_UNREACHABLE_CODE = YES;
				CLANG_WARN__DUPLICATE_METHOD_MATCH = YES;
				"CODE_SIGN_IDENTITY[sdk=iphoneos*]" = "iPhone Developer";
				COPY_PHASE_STRIP = NO;
				ENABLE_STRICT_OBJC_MSGSEND = YES;
				GCC_C_LANGUAGE_STANDARD = gnu99;
				GCC_DYNAMIC_NO_PIC = NO;
				GCC_OPTIMIZATION_LEVEL = 0;
				GCC_PREPROCESSOR_DEFINITIONS = (
					"DEBUG=1",
					"$(inherited)",
				);
				GCC_SYMBOLS_PRIVATE_EXTERN = NO;
				GCC_WARN_64_TO_32_BIT_CONVERSION = YES;
				GCC_WARN_ABOUT_RETURN_TYPE = YES_ERROR;
				GCC_WARN_UNDECLARED_SELECTOR = YES;
				GCC_WARN_UNINITIALIZED_AUTOS = YES_AGGRESSIVE;
				GCC_WARN_UNUSED_FUNCTION = YES;
				GCC_WARN_UNUSED_VARIABLE = YES;
				IPHONEOS_DEPLOYMENT_TARGET = 8.1;
				MTL_ENABLE_DEBUG_INFO = YES;
				ONLY_ACTIVE_ARCH = YES;
				SDKROOT = iphoneos;
				SWIFT_OPTIMIZATION_LEVEL = "-Onone";
				TARGETED_DEVICE_FAMILY = "1,2";
			};
			name = Debug;
		};
		02691C121A0E764600DCB5EE /* Release */ = {
			isa = XCBuildConfiguration;
			buildSettings = {
				ALWAYS_SEARCH_USER_PATHS = NO;
				CLANG_CXX_LANGUAGE_STANDARD = "gnu++0x";
				CLANG_CXX_LIBRARY = "libc++";
				CLANG_ENABLE_MODULES = YES;
				CLANG_ENABLE_OBJC_ARC = YES;
				CLANG_WARN_BOOL_CONVERSION = YES;
				CLANG_WARN_CONSTANT_CONVERSION = YES;
				CLANG_WARN_DIRECT_OBJC_ISA_USAGE = YES_ERROR;
				CLANG_WARN_EMPTY_BODY = YES;
				CLANG_WARN_ENUM_CONVERSION = YES;
				CLANG_WARN_INT_CONVERSION = YES;
				CLANG_WARN_OBJC_ROOT_CLASS = YES_ERROR;
				CLANG_WARN_UNREACHABLE_CODE = YES;
				CLANG_WARN__DUPLICATE_METHOD_MATCH = YES;
				"CODE_SIGN_IDENTITY[sdk=iphoneos*]" = "iPhone Developer";
				COPY_PHASE_STRIP = YES;
				ENABLE_NS_ASSERTIONS = NO;
				ENABLE_STRICT_OBJC_MSGSEND = YES;
				GCC_C_LANGUAGE_STANDARD = gnu99;
				GCC_WARN_64_TO_32_BIT_CONVERSION = YES;
				GCC_WARN_ABOUT_RETURN_TYPE = YES_ERROR;
				GCC_WARN_UNDECLARED_SELECTOR = YES;
				GCC_WARN_UNINITIALIZED_AUTOS = YES_AGGRESSIVE;
				GCC_WARN_UNUSED_FUNCTION = YES;
				GCC_WARN_UNUSED_VARIABLE = YES;
				IPHONEOS_DEPLOYMENT_TARGET = 8.1;
				MTL_ENABLE_DEBUG_INFO = NO;
				SDKROOT = iphoneos;
				TARGETED_DEVICE_FAMILY = "1,2";
				VALIDATE_PRODUCT = YES;
			};
			name = Release;
		};
		02691C141A0E764600DCB5EE /* Debug */ = {
			isa = XCBuildConfiguration;
			buildSettings = {
				ASSETCATALOG_COMPILER_APPICON_NAME = AppIcon;
				FRAMEWORK_SEARCH_PATHS = (
					"$(inherited)",
					/Users/jaredmermey/Documents/FacebookSDK,
				);
				INFOPLIST_FILE = ExchangeAGram/Info.plist;
				IPHONEOS_DEPLOYMENT_TARGET = 8.1;
				LD_RUNPATH_SEARCH_PATHS = "$(inherited) @executable_path/Frameworks";
				PRODUCT_NAME = "$(TARGET_NAME)";
				SWIFT_OBJC_BRIDGING_HEADER = "ExchangeAGram/Bridging-Header.h";
			};
			name = Debug;
		};
		02691C151A0E764600DCB5EE /* Release */ = {
			isa = XCBuildConfiguration;
			buildSettings = {
				ASSETCATALOG_COMPILER_APPICON_NAME = AppIcon;
				FRAMEWORK_SEARCH_PATHS = (
					"$(inherited)",
					/Users/jaredmermey/Documents/FacebookSDK,
				);
				INFOPLIST_FILE = ExchangeAGram/Info.plist;
				IPHONEOS_DEPLOYMENT_TARGET = 8.1;
				LD_RUNPATH_SEARCH_PATHS = "$(inherited) @executable_path/Frameworks";
				PRODUCT_NAME = "$(TARGET_NAME)";
				SWIFT_OBJC_BRIDGING_HEADER = "ExchangeAGram/Bridging-Header.h";
			};
			name = Release;
		};
		02691C171A0E764600DCB5EE /* Debug */ = {
			isa = XCBuildConfiguration;
			buildSettings = {
				BUNDLE_LOADER = "$(TEST_HOST)";
				FRAMEWORK_SEARCH_PATHS = (
					"$(SDKROOT)/Developer/Library/Frameworks",
					"$(inherited)",
				);
				GCC_PREPROCESSOR_DEFINITIONS = (
					"DEBUG=1",
					"$(inherited)",
				);
				INFOPLIST_FILE = ExchangeAGramTests/Info.plist;
				LD_RUNPATH_SEARCH_PATHS = "$(inherited) @executable_path/Frameworks @loader_path/Frameworks";
				PRODUCT_NAME = "$(TARGET_NAME)";
				TEST_HOST = "$(BUILT_PRODUCTS_DIR)/ExchangeAGram.app/ExchangeAGram";
			};
			name = Debug;
		};
		02691C181A0E764600DCB5EE /* Release */ = {
			isa = XCBuildConfiguration;
			buildSettings = {
				BUNDLE_LOADER = "$(TEST_HOST)";
				FRAMEWORK_SEARCH_PATHS = (
					"$(SDKROOT)/Developer/Library/Frameworks",
					"$(inherited)",
				);
				INFOPLIST_FILE = ExchangeAGramTests/Info.plist;
				LD_RUNPATH_SEARCH_PATHS = "$(inherited) @executable_path/Frameworks @loader_path/Frameworks";
				PRODUCT_NAME = "$(TARGET_NAME)";
				TEST_HOST = "$(BUILT_PRODUCTS_DIR)/ExchangeAGram.app/ExchangeAGram";
			};
			name = Release;
		};
/* End XCBuildConfiguration section */

/* Begin XCConfigurationList section */
		02691BEC1A0E764600DCB5EE /* Build configuration list for PBXProject "ExchangeAGram" */ = {
			isa = XCConfigurationList;
			buildConfigurations = (
				02691C111A0E764600DCB5EE /* Debug */,
				02691C121A0E764600DCB5EE /* Release */,
			);
			defaultConfigurationIsVisible = 0;
			defaultConfigurationName = Release;
		};
		02691C131A0E764600DCB5EE /* Build configuration list for PBXNativeTarget "ExchangeAGram" */ = {
			isa = XCConfigurationList;
			buildConfigurations = (
				02691C141A0E764600DCB5EE /* Debug */,
				02691C151A0E764600DCB5EE /* Release */,
			);
			defaultConfigurationIsVisible = 0;
			defaultConfigurationName = Release;
		};
		02691C161A0E764600DCB5EE /* Build configuration list for PBXNativeTarget "ExchangeAGramTests" */ = {
			isa = XCConfigurationList;
			buildConfigurations = (
				02691C171A0E764600DCB5EE /* Debug */,
				02691C181A0E764600DCB5EE /* Release */,
			);
			defaultConfigurationIsVisible = 0;
			defaultConfigurationName = Release;
		};
/* End XCConfigurationList section */

/* Begin XCVersionGroup section */
		02691BF81A0E764600DCB5EE /* ExchangeAGram.xcdatamodeld */ = {
			isa = XCVersionGroup;
			children = (
				02691BF91A0E764600DCB5EE /* ExchangeAGram.xcdatamodel */,
			);
			currentVersion = 02691BF91A0E764600DCB5EE /* ExchangeAGram.xcdatamodel */;
			path = ExchangeAGram.xcdatamodeld;
			sourceTree = "<group>";
			versionGroupType = wrapper.xcdatamodel;
		};
/* End XCVersionGroup section */
	};
	rootObject = 02691BE91A0E764600DCB5EE /* Project object */;
}
